
Microsoft Visual Studio Solution File, Format Version 12.00
Project("{FAE04EC0-301F-11D3-BF4B-00C04F79EFBC}") = "WeatherForcastRestApi", "WeatherForcastRestApi\WeatherForcastRestApi.csproj", "{0695671D-3127-46D3-9D08-24575C5C21DB}"
EndProject
Global
	GlobalSection(SolutionConfigurationPlatforms) = preSolution
		Debug|Any CPU = Debug|Any CPU
		Release|Any CPU = Release|Any CPU
	EndGlobalSection
	GlobalSection(ProjectConfigurationPlatforms) = postSolution
		{0695671D-3127-46D3-9D08-24575C5C21DB}.Debug|Any CPU.ActiveCfg = Debug|Any CPU
		{0695671D-3127-46D3-9D08-24575C5C21DB}.Debug|Any CPU.Build.0 = Debug|Any CPU
		{0695671D-3127-46D3-9D08-24575C5C21DB}.Release|Any CPU.ActiveCfg = Release|Any CPU
		{0695671D-3127-46D3-9D08-24575C5C21DB}.Release|Any CPU.Build.0 = Release|Any CPU
	EndGlobalSection
EndGlobal
